
Microsoft Visual Studio Solution File, Format Version 11.00
# Visual Studio 2010
Project("{FAE04EC0-301F-11D3-BF4B-00C04F79EFBC}") = "LINQtoXML", "LINQtoXML\LINQtoXML.csproj", "{B39DAF19-6EA1-48AF-A5AA-E23AF118F216}"
EndProject
Global
	GlobalSection(SolutionConfigurationPlatforms) = preSolution
		Debug|x86 = Debug|x86
		Release|x86 = Release|x86
	EndGlobalSection
	GlobalSection(ProjectConfigurationPlatforms) = postSolution
		{B39DAF19-6EA1-48AF-A5AA-E23AF118F216}.Debug|x86.ActiveCfg = Debug|x86
		{B39DAF19-6EA1-48AF-A5AA-E23AF118F216}.Debug|x86.Build.0 = Debug|x86
		{B39DAF19-6EA1-48AF-A5AA-E23AF118F216}.Release|x86.ActiveCfg = Release|x86
		{B39DAF19-6EA1-48AF-A5AA-E23AF118F216}.Release|x86.Build.0 = Release|x86
	EndGlobalSection
	GlobalSection(SolutionProperties) = preSolution
		HideSolutionNode = FALSE
	EndGlobalSection
EndGlobal
